
Microsoft Visual Studio Solution File, Format Version 12.00
# Visual Studio Version 16
VisualStudioVersion = 16.0.30114.105
MinimumVisualStudioVersion = 10.0.40219.1
Project("{2150E333-8FDC-42A3-9474-1A3956D46DE8}") = "Task01", "Task01", "{EE0AD0ED-D60B-42A9-A09D-127651F0DB1A}"
EndProject
Project("{FAE04EC0-301F-11D3-BF4B-00C04F79EFBC}") = "Task01.App", "Task01\Task01.App\Task01.App.csproj", "{8033D384-C875-4D47-9D01-DDA167F64DFF}"
EndProject
Project("{FAE04EC0-301F-11D3-BF4B-00C04F79EFBC}") = "Task01.Library", "Task01\Task01.Library\Task01.Library.csproj", "{7E5870A5-27EA-4854-8514-8295B09FE165}"
EndProject
Project("{2150E333-8FDC-42A3-9474-1A3956D46DE8}") = "Task02", "Task02", "{005DAD0A-B4C4-A5E3-12EC-A084D15FF1BA}"
EndProject
Project("{FAE04EC0-301F-11D3-BF4B-00C04F79EFBC}") = "Task02.App", "Task02\Task02.App\Task02.App.csproj", "{513D9808-A279-4E8A-B1C2-7E535CC16549}"
EndProject
Project("{2150E333-8FDC-42A3-9474-1A3956D46DE8}") = "Task03", "Task03", "{7F4C9F8A-1C3E-0307-D0EA-28CFE3AA0569}"
EndProject
Project("{FAE04EC0-301F-11D3-BF4B-00C04F79EFBC}") = "Task03.App", "Task03\Task03.App\Task03.App.csproj", "{BAE69538-8B6B-40C4-B6E5-5BE8B3FB98C7}"
EndProject
Project("{2150E333-8FDC-42A3-9474-1A3956D46DE8}") = "Task04", "Task04", "{167ACF5F-B2A5-E05A-312C-B7137BD8A1DD}"
EndProject
Project("{FAE04EC0-301F-11D3-BF4B-00C04F79EFBC}") = "Task04.App", "Task04\Task04.App\Task04.App.csproj", "{76C137A8-5D0E-45AB-BFC8-40568AA8883B}"
EndProject
Project("{2150E333-8FDC-42A3-9474-1A3956D46DE8}") = "Task05", "Task05", "{C6C59431-DD5A-F91F-B67A-D0F69ED0FEB4}"
EndProject
Project("{FAE04EC0-301F-11D3-BF4B-00C04F79EFBC}") = "Task05.App", "Task05\Task05.App\Task05.App.csproj", "{911370AD-D611-44CF-B224-C50E10034D37}"
EndProject
Project("{2150E333-8FDC-42A3-9474-1A3956D46DE8}") = "Task06", "Task06", "{ABD1CE5A-A8CF-44A0-5BDE-B3D760356A5A}"
EndProject
Project("{FAE04EC0-301F-11D3-BF4B-00C04F79EFBC}") = "Task06.App", "Task06\Task06.App\Task06.App.csproj", "{909569FC-15C4-4199-9F39-8BD8510D07F8}"
EndProject
Project("{2150E333-8FDC-42A3-9474-1A3956D46DE8}") = "Task07", "Task07", "{45BFE81B-B2B7-147C-7FD7-611DC8C86C0B}"
EndProject
Project("{FAE04EC0-301F-11D3-BF4B-00C04F79EFBC}") = "Task07.App", "Task07\Task07.App\Task07.App.csproj", "{364F0CE2-111E-4451-A878-92FB71BC9D11}"
EndProject
Project("{2150E333-8FDC-42A3-9474-1A3956D46DE8}") = "Task08", "Task08", "{058124A6-8314-FADE-A8B6-ED282575A508}"
EndProject
Project("{FAE04EC0-301F-11D3-BF4B-00C04F79EFBC}") = "Task08.App", "Task08\Task08.App\Task08.App.csproj", "{04215845-18ED-4BD7-BE44-04127D65C326}"
EndProject
Project("{2150E333-8FDC-42A3-9474-1A3956D46DE8}") = "Task09", "Task09", "{145A694D-4D7C-7948-F681-6385502A3E77}"
EndProject
Project("{FAE04EC0-301F-11D3-BF4B-00C04F79EFBC}") = "Task09.App", "Task09\Task09.App\Task09.App.csproj", "{18A91237-56FB-4AEE-93E5-3C34C69B9FC6}"
EndProject
Project("{2150E333-8FDC-42A3-9474-1A3956D46DE8}") = "Task10", "Task10", "{E0A9933A-4B01-9ACF-C2B2-D45426B11F6E}"
EndProject
Project("{FAE04EC0-301F-11D3-BF4B-00C04F79EFBC}") = "Task10.App", "Task10\Task10.App\Task10.App.csproj", "{F5D88A5A-040F-4EFE-98BF-76F2827D93F7}"
EndProject
Global
	GlobalSection(SolutionConfigurationPlatforms) = preSolution
		Debug|Any CPU = Debug|Any CPU
		Debug|x64 = Debug|x64
		Debug|x86 = Debug|x86
		Release|Any CPU = Release|Any CPU
		Release|x64 = Release|x64
		Release|x86 = Release|x86
	EndGlobalSection
	GlobalSection(ProjectConfigurationPlatforms) = postSolution
		{8033D384-C875-4D47-9D01-DDA167F64DFF}.Debug|Any CPU.ActiveCfg = Debug|Any CPU
		{8033D384-C875-4D47-9D01-DDA167F64DFF}.Debug|Any CPU.Build.0 = Debug|Any CPU
		{8033D384-C875-4D47-9D01-DDA167F64DFF}.Debug|x64.ActiveCfg = Debug|Any CPU
		{8033D384-C875-4D47-9D01-DDA167F64DFF}.Debug|x64.Build.0 = Debug|Any CPU
		{8033D384-C875-4D47-9D01-DDA167F64DFF}.Debug|x86.ActiveCfg = Debug|Any CPU
		{8033D384-C875-4D47-9D01-DDA167F64DFF}.Debug|x86.Build.0 = Debug|Any CPU
		{8033D384-C875-4D47-9D01-DDA167F64DFF}.Release|Any CPU.ActiveCfg = Release|Any CPU
		{8033D384-C875-4D47-9D01-DDA167F64DFF}.Release|Any CPU.Build.0 = Release|Any CPU
		{8033D384-C875-4D47-9D01-DDA167F64DFF}.Release|x64.ActiveCfg = Release|Any CPU
		{8033D384-C875-4D47-9D01-DDA167F64DFF}.Release|x64.Build.0 = Release|Any CPU
		{8033D384-C875-4D47-9D01-DDA167F64DFF}.Release|x86.ActiveCfg = Release|Any CPU
		{8033D384-C875-4D47-9D01-DDA167F64DFF}.Release|x86.Build.0 = Release|Any CPU
		{7E5870A5-27EA-4854-8514-8295B09FE165}.Debug|Any CPU.ActiveCfg = Debug|Any CPU
		{7E5870A5-27EA-4854-8514-8295B09FE165}.Debug|Any CPU.Build.0 = Debug|Any CPU
		{7E5870A5-27EA-4854-8514-8295B09FE165}.Debug|x64.ActiveCfg = Debug|Any CPU
		{7E5870A5-27EA-4854-8514-8295B09FE165}.Debug|x64.Build.0 = Debug|Any CPU
		{7E5870A5-27EA-4854-8514-8295B09FE165}.Debug|x86.ActiveCfg = Debug|Any CPU
		{7E5870A5-27EA-4854-8514-8295B09FE165}.Debug|x86.Build.0 = Debug|Any CPU
		{7E5870A5-27EA-4854-8514-8295B09FE165}.Release|Any CPU.ActiveCfg = Release|Any CPU
		{7E5870A5-27EA-4854-8514-8295B09FE165}.Release|Any CPU.Build.0 = Release|Any CPU
		{7E5870A5-27EA-4854-8514-8295B09FE165}.Release|x64.ActiveCfg = Release|Any CPU
		{7E5870A5-27EA-4854-8514-8295B09FE165}.Release|x64.Build.0 = Release|Any CPU
		{7E5870A5-27EA-4854-8514-8295B09FE165}.Release|x86.ActiveCfg = Release|Any CPU
		{7E5870A5-27EA-4854-8514-8295B09FE165}.Release|x86.Build.0 = Release|Any CPU
		{513D9808-A279-4E8A-B1C2-7E535CC16549}.Debug|Any CPU.ActiveCfg = Debug|Any CPU
		{513D9808-A279-4E8A-B1C2-7E535CC16549}.Debug|Any CPU.Build.0 = Debug|Any CPU
		{513D9808-A279-4E8A-B1C2-7E535CC16549}.Debug|x64.ActiveCfg = Debug|Any CPU
		{513D9808-A279-4E8A-B1C2-7E535CC16549}.Debug|x64.Build.0 = Debug|Any CPU
		{513D9808-A279-4E8A-B1C2-7E535CC16549}.Debug|x86.ActiveCfg = Debug|Any CPU
		{513D9808-A279-4E8A-B1C2-7E535CC16549}.Debug|x86.Build.0 = Debug|Any CPU
		{513D9808-A279-4E8A-B1C2-7E535CC16549}.Release|Any CPU.ActiveCfg = Release|Any CPU
		{513D9808-A279-4E8A-B1C2-7E535CC16549}.Release|Any CPU.Build.0 = Release|Any CPU
		{513D9808-A279-4E8A-B1C2-7E535CC16549}.Release|x64.ActiveCfg = Release|Any CPU
		{513D9808-A279-4E8A-B1C2-7E535CC16549}.Release|x64.Build.0 = Release|Any CPU
		{513D9808-A279-4E8A-B1C2-7E535CC16549}.Release|x86.ActiveCfg = Release|Any CPU
		{513D9808-A279-4E8A-B1C2-7E535CC16549}.Release|x86.Build.0 = Release|Any CPU
		{BAE69538-8B6B-40C4-B6E5-5BE8B3FB98C7}.Debug|Any CPU.ActiveCfg = Debug|Any CPU
		{BAE69538-8B6B-40C4-B6E5-5BE8B3FB98C7}.Debug|Any CPU.Build.0 = Debug|Any CPU
		{BAE69538-8B6B-40C4-B6E5-5BE8B3FB98C7}.Debug|x64.ActiveCfg = Debug|Any CPU
		{BAE69538-8B6B-40C4-B6E5-5BE8B3FB98C7}.Debug|x64.Build.0 = Debug|Any CPU
		{BAE69538-8B6B-40C4-B6E5-5BE8B3FB98C7}.Debug|x86.ActiveCfg = Debug|Any CPU
		{BAE69538-8B6B-40C4-B6E5-5BE8B3FB98C7}.Debug|x86.Build.0 = Debug|Any CPU
		{BAE69538-8B6B-40C4-B6E5-5BE8B3FB98C7}.Release|Any CPU.ActiveCfg = Release|Any CPU
		{BAE69538-8B6B-40C4-B6E5-5BE8B3FB98C7}.Release|Any CPU.Build.0 = Release|Any CPU
		{BAE69538-8B6B-40C4-B6E5-5BE8B3FB98C7}.Release|x64.ActiveCfg = Release|Any CPU
		{BAE69538-8B6B-40C4-B6E5-5BE8B3FB98C7}.Release|x64.Build.0 = Release|Any CPU
		{BAE69538-8B6B-40C4-B6E5-5BE8B3FB98C7}.Release|x86.ActiveCfg = Release|Any CPU
		{BAE69538-8B6B-40C4-B6E5-5BE8B3FB98C7}.Release|x86.Build.0 = Release|Any CPU
		{76C137A8-5D0E-45AB-BFC8-40568AA8883B}.Debug|Any CPU.ActiveCfg = Debug|Any CPU
		{76C137A8-5D0E-45AB-BFC8-40568AA8883B}.Debug|Any CPU.Build.0 = Debug|Any CPU
		{76C137A8-5D0E-45AB-BFC8-40568AA8883B}.Debug|x64.ActiveCfg = Debug|Any CPU
		{76C137A8-5D0E-45AB-BFC8-40568AA8883B}.Debug|x64.Build.0 = Debug|Any CPU
		{76C137A8-5D0E-45AB-BFC8-40568AA8883B}.Debug|x86.ActiveCfg = Debug|Any CPU
		{76C137A8-5D0E-45AB-BFC8-40568AA8883B}.Debug|x86.Build.0 = Debug|Any CPU
		{76C137A8-5D0E-45AB-BFC8-40568AA8883B}.Release|Any CPU.ActiveCfg = Release|Any CPU
		{76C137A8-5D0E-45AB-BFC8-40568AA8883B}.Release|Any CPU.Build.0 = Release|Any CPU
		{76C137A8-5D0E-45AB-BFC8-40568AA8883B}.Release|x64.ActiveCfg = Release|Any CPU
		{76C137A8-5D0E-45AB-BFC8-40568AA8883B}.Release|x64.Build.0 = Release|Any CPU
		{76C137A8-5D0E-45AB-BFC8-40568AA8883B}.Release|x86.ActiveCfg = Release|Any CPU
		{76C137A8-5D0E-45AB-BFC8-40568AA8883B}.Release|x86.Build.0 = Release|Any CPU
		{911370AD-D611-44CF-B224-C50E10034D37}.Debug|Any CPU.ActiveCfg = Debug|Any CPU
		{911370AD-D611-44CF-B224-C50E10034D37}.Debug|Any CPU.Build.0 = Debug|Any CPU
		{911370AD-D611-44CF-B224-C50E10034D37}.Debug|x64.ActiveCfg = Debug|Any CPU
		{911370AD-D611-44CF-B224-C50E10034D37}.Debug|x64.Build.0 = Debug|Any CPU
		{911370AD-D611-44CF-B224-C50E10034D37}.Debug|x86.ActiveCfg = Debug|Any CPU
		{911370AD-D611-44CF-B224-C50E10034D37}.Debug|x86.Build.0 = Debug|Any CPU
		{911370AD-D611-44CF-B224-C50E10034D37}.Release|Any CPU.ActiveCfg = Release|Any CPU
		{911370AD-D611-44CF-B224-C50E10034D37}.Release|Any CPU.Build.0 = Release|Any CPU
		{911370AD-D611-44CF-B224-C50E10034D37}.Release|x64.ActiveCfg = Release|Any CPU
		{911370AD-D611-44CF-B224-C50E10034D37}.Release|x64.Build.0 = Release|Any CPU
		{911370AD-D611-44CF-B224-C50E10034D37}.Release|x86.ActiveCfg = Release|Any CPU
		{911370AD-D611-44CF-B224-C50E10034D37}.Release|x86.Build.0 = Release|Any CPU
		{909569FC-15C4-4199-9F39-8BD8510D07F8}.Debug|Any CPU.ActiveCfg = Debug|Any CPU
		{909569FC-15C4-4199-9F39-8BD8510D07F8}.Debug|Any CPU.Build.0 = Debug|Any CPU
		{909569FC-15C4-4199-9F39-8BD8510D07F8}.Debug|x64.ActiveCfg = Debug|Any CPU
		{909569FC-15C4-4199-9F39-8BD8510D07F8}.Debug|x64.Build.0 = Debug|Any CPU
		{909569FC-15C4-4199-9F39-8BD8510D07F8}.Debug|x86.ActiveCfg = Debug|Any CPU
		{909569FC-15C4-4199-9F39-8BD8510D07F8}.Debug|x86.Build.0 = Debug|Any CPU
		{909569FC-15C4-4199-9F39-8BD8510D07F8}.Release|Any CPU.ActiveCfg = Release|Any CPU
		{909569FC-15C4-4199-9F39-8BD8510D07F8}.Release|Any CPU.Build.0 = Release|Any CPU
		{909569FC-15C4-4199-9F39-8BD8510D07F8}.Release|x64.ActiveCfg = Release|Any CPU
		{909569FC-15C4-4199-9F39-8BD8510D07F8}.Release|x64.Build.0 = Release|Any CPU
		{909569FC-15C4-4199-9F39-8BD8510D07F8}.Release|x86.ActiveCfg = Release|Any CPU
		{909569FC-15C4-4199-9F39-8BD8510D07F8}.Release|x86.Build.0 = Release|Any CPU
		{364F0CE2-111E-4451-A878-92FB71BC9D11}.Debug|Any CPU.ActiveCfg = Debug|Any CPU
		{364F0CE2-111E-4451-A878-92FB71BC9D11}.Debug|Any CPU.Build.0 = Debug|Any CPU
		{364F0CE2-111E-4451-A878-92FB71BC9D11}.Debug|x64.ActiveCfg = Debug|Any CPU
		{364F0CE2-111E-4451-A878-92FB71BC9D11}.Debug|x64.Build.0 = Debug|Any CPU
		{364F0CE2-111E-4451-A878-92FB71BC9D11}.Debug|x86.ActiveCfg = Debug|Any CPU
		{364F0CE2-111E-4451-A878-92FB71BC9D11}.Debug|x86.Build.0 = Debug|Any CPU
		{364F0CE2-111E-4451-A878-92FB71BC9D11}.Release|Any CPU.ActiveCfg = Release|Any CPU
		{364F0CE2-111E-4451-A878-92FB71BC9D11}.Release|Any CPU.Build.0 = Release|Any CPU
		{364F0CE2-111E-4451-A878-92FB71BC9D11}.Release|x64.ActiveCfg = Release|Any CPU
		{364F0CE2-111E-4451-A878-92FB71BC9D11}.Release|x64.Build.0 = Release|Any CPU
		{364F0CE2-111E-4451-A878-92FB71BC9D11}.Release|x86.ActiveCfg = Release|Any CPU
		{364F0CE2-111E-4451-A878-92FB71BC9D11}.Release|x86.Build.0 = Release|Any CPU
		{04215845-18ED-4BD7-BE44-04127D65C326}.Debug|Any CPU.ActiveCfg = Debug|Any CPU
		{04215845-18ED-4BD7-BE44-04127D65C326}.Debug|Any CPU.Build.0 = Debug|Any CPU
		{04215845-18ED-4BD7-BE44-04127D65C326}.Debug|x64.ActiveCfg = Debug|Any CPU
		{04215845-18ED-4BD7-BE44-04127D65C326}.Debug|x64.Build.0 = Debug|Any CPU
		{04215845-18ED-4BD7-BE44-04127D65C326}.Debug|x86.ActiveCfg = Debug|Any CPU
		{04215845-18ED-4BD7-BE44-04127D65C326}.Debug|x86.Build.0 = Debug|Any CPU
		{04215845-18ED-4BD7-BE44-04127D65C326}.Release|Any CPU.ActiveCfg = Release|Any CPU
		{04215845-18ED-4BD7-BE44-04127D65C326}.Release|Any CPU.Build.0 = Release|Any CPU
		{04215845-18ED-4BD7-BE44-04127D65C326}.Release|x64.ActiveCfg = Release|Any CPU
		{04215845-18ED-4BD7-BE44-04127D65C326}.Release|x64.Build.0 = Release|Any CPU
		{04215845-18ED-4BD7-BE44-04127D65C326}.Release|x86.ActiveCfg = Release|Any CPU
		{04215845-18ED-4BD7-BE44-04127D65C326}.Release|x86.Build.0 = Release|Any CPU
		{18A91237-56FB-4AEE-93E5-3C34C69B9FC6}.Debug|Any CPU.ActiveCfg = Debug|Any CPU
		{18A91237-56FB-4AEE-93E5-3C34C69B9FC6}.Debug|Any CPU.Build.0 = Debug|Any CPU
		{18A91237-56FB-4AEE-93E5-3C34C69B9FC6}.Debug|x64.ActiveCfg = Debug|Any CPU
		{18A91237-56FB-4AEE-93E5-3C34C69B9FC6}.Debug|x64.Build.0 = Debug|Any CPU
		{18A91237-56FB-4AEE-93E5-3C34C69B9FC6}.Debug|x86.ActiveCfg = Debug|Any CPU
		{18A91237-56FB-4AEE-93E5-3C34C69B9FC6}.Debug|x86.Build.0 = Debug|Any CPU
		{18A91237-56FB-4AEE-93E5-3C34C69B9FC6}.Release|Any CPU.ActiveCfg = Release|Any CPU
		{18A91237-56FB-4AEE-93E5-3C34C69B9FC6}.Release|Any CPU.Build.0 = Release|Any CPU
		{18A91237-56FB-4AEE-93E5-3C34C69B9FC6}.Release|x64.ActiveCfg = Release|Any CPU
		{18A91237-56FB-4AEE-93E5-3C34C69B9FC6}.Release|x64.Build.0 = Release|Any CPU
		{18A91237-56FB-4AEE-93E5-3C34C69B9FC6}.Release|x86.ActiveCfg = Release|Any CPU
		{18A91237-56FB-4AEE-93E5-3C34C69B9FC6}.Release|x86.Build.0 = Release|Any CPU
		{F5D88A5A-040F-4EFE-98BF-76F2827D93F7}.Debug|Any CPU.ActiveCfg = Debug|Any CPU
		{F5D88A5A-040F-4EFE-98BF-76F2827D93F7}.Debug|Any CPU.Build.0 = Debug|Any CPU
		{F5D88A5A-040F-4EFE-98BF-76F2827D93F7}.Debug|x64.ActiveCfg = Debug|Any CPU
		{F5D88A5A-040F-4EFE-98BF-76F2827D93F7}.Debug|x64.Build.0 = Debug|Any CPU
		{F5D88A5A-040F-4EFE-98BF-76F2827D93F7}.Debug|x86.ActiveCfg = Debug|Any CPU
		{F5D88A5A-040F-4EFE-98BF-76F2827D93F7}.Debug|x86.Build.0 = Debug|Any CPU
		{F5D88A5A-040F-4EFE-98BF-76F2827D93F7}.Release|Any CPU.ActiveCfg = Release|Any CPU
		{F5D88A5A-040F-4EFE-98BF-76F2827D93F7}.Release|Any CPU.Build.0 = Release|Any CPU
		{F5D88A5A-040F-4EFE-98BF-76F2827D93F7}.Release|x64.ActiveCfg = Release|Any CPU
		{F5D88A5A-040F-4EFE-98BF-76F2827D93F7}.Release|x64.Build.0 = Release|Any CPU
		{F5D88A5A-040F-4EFE-98BF-76F2827D93F7}.Release|x86.ActiveCfg = Release|Any CPU
		{F5D88A5A-040F-4EFE-98BF-76F2827D93F7}.Release|x86.Build.0 = Release|Any CPU
	EndGlobalSection
	GlobalSection(SolutionProperties) = preSolution
		HideSolutionNode = FALSE
	EndGlobalSection
	GlobalSection(NestedProjects) = preSolution
		{8033D384-C875-4D47-9D01-DDA167F64DFF} = {EE0AD0ED-D60B-42A9-A09D-127651F0DB1A}
		{7E5870A5-27EA-4854-8514-8295B09FE165} = {EE0AD0ED-D60B-42A9-A09D-127651F0DB1A}
		{513D9808-A279-4E8A-B1C2-7E535CC16549} = {005DAD0A-B4C4-A5E3-12EC-A084D15FF1BA}
		{BAE69538-8B6B-40C4-B6E5-5BE8B3FB98C7} = {7F4C9F8A-1C3E-0307-D0EA-28CFE3AA0569}
		{76C137A8-5D0E-45AB-BFC8-40568AA8883B} = {167ACF5F-B2A5-E05A-312C-B7137BD8A1DD}
		{911370AD-D611-44CF-B224-C50E10034D37} = {C6C59431-DD5A-F91F-B67A-D0F69ED0FEB4}
		{909569FC-15C4-4199-9F39-8BD8510D07F8} = {ABD1CE5A-A8CF-44A0-5BDE-B3D760356A5A}
		{364F0CE2-111E-4451-A878-92FB71BC9D11} = {45BFE81B-B2B7-147C-7FD7-611DC8C86C0B}
		{04215845-18ED-4BD7-BE44-04127D65C326} = {058124A6-8314-FADE-A8B6-ED282575A508}
		{18A91237-56FB-4AEE-93E5-3C34C69B9FC6} = {145A694D-4D7C-7948-F681-6385502A3E77}
		{F5D88A5A-040F-4EFE-98BF-76F2827D93F7} = {E0A9933A-4B01-9ACF-C2B2-D45426B11F6E}
	EndGlobalSection
EndGlobal
