
Microsoft Visual Studio Solution File, Format Version 12.00
# Visual Studio Version 16
VisualStudioVersion = 16.0.30114.105
MinimumVisualStudioVersion = 10.0.40219.1
Project("{2150E333-8FDC-42A3-9474-1A3956D46DE8}") = "Task01", "Task01", "{EE0AD0ED-D60B-42A9-A09D-127651F0DB1A}"
EndProject
Project("{FAE04EC0-301F-11D3-BF4B-00C04F79EFBC}") = "Task01.App", "Task01\Task01.App\Task01.App.csproj", "{8033D384-C875-4D47-9D01-DDA167F64DFF}"
EndProject
Project("{FAE04EC0-301F-11D3-BF4B-00C04F79EFBC}") = "Task01.Library", "Task01\Task01.Library\Task01.Library.csproj", "{7E5870A5-27EA-4854-8514-8295B09FE165}"
EndProject
Global
	GlobalSection(SolutionConfigurationPlatforms) = preSolution
		Debug|Any CPU = Debug|Any CPU
		Debug|x64 = Debug|x64
		Debug|x86 = Debug|x86
		Release|Any CPU = Release|Any CPU
		Release|x64 = Release|x64
		Release|x86 = Release|x86
	EndGlobalSection
	GlobalSection(SolutionProperties) = preSolution
		HideSolutionNode = FALSE
	EndGlobalSection
	GlobalSection(ProjectConfigurationPlatforms) = postSolution
		{8033D384-C875-4D47-9D01-DDA167F64DFF}.Debug|Any CPU.ActiveCfg = Debug|Any CPU
		{8033D384-C875-4D47-9D01-DDA167F64DFF}.Debug|Any CPU.Build.0 = Debug|Any CPU
		{8033D384-C875-4D47-9D01-DDA167F64DFF}.Debug|x64.ActiveCfg = Debug|Any CPU
		{8033D384-C875-4D47-9D01-DDA167F64DFF}.Debug|x64.Build.0 = Debug|Any CPU
		{8033D384-C875-4D47-9D01-DDA167F64DFF}.Debug|x86.ActiveCfg = Debug|Any CPU
		{8033D384-C875-4D47-9D01-DDA167F64DFF}.Debug|x86.Build.0 = Debug|Any CPU
		{8033D384-C875-4D47-9D01-DDA167F64DFF}.Release|Any CPU.ActiveCfg = Release|Any CPU
		{8033D384-C875-4D47-9D01-DDA167F64DFF}.Release|Any CPU.Build.0 = Release|Any CPU
		{8033D384-C875-4D47-9D01-DDA167F64DFF}.Release|x64.ActiveCfg = Release|Any CPU
		{8033D384-C875-4D47-9D01-DDA167F64DFF}.Release|x64.Build.0 = Release|Any CPU
		{8033D384-C875-4D47-9D01-DDA167F64DFF}.Release|x86.ActiveCfg = Release|Any CPU
		{8033D384-C875-4D47-9D01-DDA167F64DFF}.Release|x86.Build.0 = Release|Any CPU
		{7E5870A5-27EA-4854-8514-8295B09FE165}.Debug|Any CPU.ActiveCfg = Debug|Any CPU
		{7E5870A5-27EA-4854-8514-8295B09FE165}.Debug|Any CPU.Build.0 = Debug|Any CPU
		{7E5870A5-27EA-4854-8514-8295B09FE165}.Debug|x64.ActiveCfg = Debug|Any CPU
		{7E5870A5-27EA-4854-8514-8295B09FE165}.Debug|x64.Build.0 = Debug|Any CPU
		{7E5870A5-27EA-4854-8514-8295B09FE165}.Debug|x86.ActiveCfg = Debug|Any CPU
		{7E5870A5-27EA-4854-8514-8295B09FE165}.Debug|x86.Build.0 = Debug|Any CPU
		{7E5870A5-27EA-4854-8514-8295B09FE165}.Release|Any CPU.ActiveCfg = Release|Any CPU
		{7E5870A5-27EA-4854-8514-8295B09FE165}.Release|Any CPU.Build.0 = Release|Any CPU
		{7E5870A5-27EA-4854-8514-8295B09FE165}.Release|x64.ActiveCfg = Release|Any CPU
		{7E5870A5-27EA-4854-8514-8295B09FE165}.Release|x64.Build.0 = Release|Any CPU
		{7E5870A5-27EA-4854-8514-8295B09FE165}.Release|x86.ActiveCfg = Release|Any CPU
		{7E5870A5-27EA-4854-8514-8295B09FE165}.Release|x86.Build.0 = Release|Any CPU
	EndGlobalSection
	GlobalSection(NestedProjects) = preSolution
		{8033D384-C875-4D47-9D01-DDA167F64DFF} = {EE0AD0ED-D60B-42A9-A09D-127651F0DB1A}
		{7E5870A5-27EA-4854-8514-8295B09FE165} = {EE0AD0ED-D60B-42A9-A09D-127651F0DB1A}
	EndGlobalSection
EndGlobal
